
Microsoft Visual Studio Solution File, Format Version 12.00
# Visual Studio 15
VisualStudioVersion = 15.0.26430.12
MinimumVisualStudioVersion = 10.0.40219.1
Project("{FAE04EC0-301F-11D3-BF4B-00C04F79EFBC}") = "GettingStarted", "GettingStarted.csproj", "{FCE1D8EC-5374-4800-A560-55726690DCF6}"
EndProject
Project("{FAE04EC0-301F-11D3-BF4B-00C04F79EFBC}") = "FavoriteFood", "..\FavoriteFood\FavoriteFood.csproj", "{F91C5962-EECB-49D7-AFF1-127C2659EA28}"
EndProject
Project("{FAE04EC0-301F-11D3-BF4B-00C04F79EFBC}") = "Password", "..\Password\Password.csproj", "{A510AA70-5942-4F01-B063-E946BFBD9CDB}"
EndProject
Project("{FAE04EC0-301F-11D3-BF4B-00C04F79EFBC}") = "ConsoleApp1", "..\ConsoleApp1\ConsoleApp1.csproj", "{F50D43BD-7BD2-4AD3-9288-59507780E506}"
EndProject
Global
	GlobalSection(SolutionConfigurationPlatforms) = preSolution
		Debug|Any CPU = Debug|Any CPU
		Release|Any CPU = Release|Any CPU
	EndGlobalSection
	GlobalSection(ProjectConfigurationPlatforms) = postSolution
		{FCE1D8EC-5374-4800-A560-55726690DCF6}.Debug|Any CPU.ActiveCfg = Debug|Any CPU
		{FCE1D8EC-5374-4800-A560-55726690DCF6}.Debug|Any CPU.Build.0 = Debug|Any CPU
		{FCE1D8EC-5374-4800-A560-55726690DCF6}.Release|Any CPU.ActiveCfg = Release|Any CPU
		{FCE1D8EC-5374-4800-A560-55726690DCF6}.Release|Any CPU.Build.0 = Release|Any CPU
		{F91C5962-EECB-49D7-AFF1-127C2659EA28}.Debug|Any CPU.ActiveCfg = Debug|Any CPU
		{F91C5962-EECB-49D7-AFF1-127C2659EA28}.Debug|Any CPU.Build.0 = Debug|Any CPU
		{F91C5962-EECB-49D7-AFF1-127C2659EA28}.Release|Any CPU.ActiveCfg = Release|Any CPU
		{F91C5962-EECB-49D7-AFF1-127C2659EA28}.Release|Any CPU.Build.0 = Release|Any CPU
		{A510AA70-5942-4F01-B063-E946BFBD9CDB}.Debug|Any CPU.ActiveCfg = Debug|Any CPU
		{A510AA70-5942-4F01-B063-E946BFBD9CDB}.Debug|Any CPU.Build.0 = Debug|Any CPU
		{A510AA70-5942-4F01-B063-E946BFBD9CDB}.Release|Any CPU.ActiveCfg = Release|Any CPU
		{A510AA70-5942-4F01-B063-E946BFBD9CDB}.Release|Any CPU.Build.0 = Release|Any CPU
		{F50D43BD-7BD2-4AD3-9288-59507780E506}.Debug|Any CPU.ActiveCfg = Debug|Any CPU
		{F50D43BD-7BD2-4AD3-9288-59507780E506}.Debug|Any CPU.Build.0 = Debug|Any CPU
		{F50D43BD-7BD2-4AD3-9288-59507780E506}.Release|Any CPU.ActiveCfg = Release|Any CPU
		{F50D43BD-7BD2-4AD3-9288-59507780E506}.Release|Any CPU.Build.0 = Release|Any CPU
	EndGlobalSection
	GlobalSection(SolutionProperties) = preSolution
		HideSolutionNode = FALSE
	EndGlobalSection
EndGlobal
