
Microsoft Visual Studio Solution File, Format Version 12.00
# Visual Studio 15
VisualStudioVersion = 15.0.26430.12
MinimumVisualStudioVersion = 10.0.40219.1
Project("{FAE04EC0-301F-11D3-BF4B-00C04F79EFBC}") = "GettingStarted", "GettingStarted.csproj", "{FCE1D8EC-5374-4800-A560-55726690DCF6}"
EndProject
Project("{FAE04EC0-301F-11D3-BF4B-00C04F79EFBC}") = "FavoriteFood", "..\FavoriteFood\FavoriteFood.csproj", "{F91C5962-EECB-49D7-AFF1-127C2659EA28}"
EndProject
Project("{FAE04EC0-301F-11D3-BF4B-00C04F79EFBC}") = "Password", "..\Password\Password.csproj", "{A510AA70-5942-4F01-B063-E946BFBD9CDB}"
EndProject
Project("{FAE04EC0-301F-11D3-BF4B-00C04F79EFBC}") = "ConsoleApp1", "..\ConsoleApp1\ConsoleApp1.csproj", "{F50D43BD-7BD2-4AD3-9288-59507780E506}"
EndProject
Project("{FAE04EC0-301F-11D3-BF4B-00C04F79EFBC}") = "Grade", "..\Grade\Grade.csproj", "{61909A52-70A3-4C93-AC2D-A28259F4B5A9}"
EndProject
Project("{FAE04EC0-301F-11D3-BF4B-00C04F79EFBC}") = "Palindrome", "..\Palindrome\Palindrome.csproj", "{242AE2E2-4FEF-4EBE-81C5-6C97680CEE24}"
EndProject
Project("{FAE04EC0-301F-11D3-BF4B-00C04F79EFBC}") = "Calculator", "Calculator\Calculator.csproj", "{BCC1FB6C-8A57-42F8-8B89-71C4E1D61348}"
EndProject
Project("{FAE04EC0-301F-11D3-BF4B-00C04F79EFBC}") = "PerfectNumbers", "..\PerfectNumbers\PerfectNumbers.csproj", "{A75DE50F-427A-4E3F-807B-449F1F4572DF}"
EndProject
Project("{FAE04EC0-301F-11D3-BF4B-00C04F79EFBC}") = "FizzBuzz", "..\FizzBuzz\FizzBuzz.csproj", "{1F732C7A-F974-4A7C-87E1-6986372E5BFF}"
EndProject
Project("{FAE04EC0-301F-11D3-BF4B-00C04F79EFBC}") = "UniqueDigits", "UniqueDigits\UniqueDigits.csproj", "{BBD29FE2-588B-484B-95E4-E4E5A9FD2369}"
EndProject
Global
	GlobalSection(SolutionConfigurationPlatforms) = preSolution
		Debug|Any CPU = Debug|Any CPU
		Release|Any CPU = Release|Any CPU
	EndGlobalSection
	GlobalSection(ProjectConfigurationPlatforms) = postSolution
		{FCE1D8EC-5374-4800-A560-55726690DCF6}.Debug|Any CPU.ActiveCfg = Debug|Any CPU
		{FCE1D8EC-5374-4800-A560-55726690DCF6}.Debug|Any CPU.Build.0 = Debug|Any CPU
		{FCE1D8EC-5374-4800-A560-55726690DCF6}.Release|Any CPU.ActiveCfg = Release|Any CPU
		{FCE1D8EC-5374-4800-A560-55726690DCF6}.Release|Any CPU.Build.0 = Release|Any CPU
		{F91C5962-EECB-49D7-AFF1-127C2659EA28}.Debug|Any CPU.ActiveCfg = Debug|Any CPU
		{F91C5962-EECB-49D7-AFF1-127C2659EA28}.Debug|Any CPU.Build.0 = Debug|Any CPU
		{F91C5962-EECB-49D7-AFF1-127C2659EA28}.Release|Any CPU.ActiveCfg = Release|Any CPU
		{F91C5962-EECB-49D7-AFF1-127C2659EA28}.Release|Any CPU.Build.0 = Release|Any CPU
		{A510AA70-5942-4F01-B063-E946BFBD9CDB}.Debug|Any CPU.ActiveCfg = Debug|Any CPU
		{A510AA70-5942-4F01-B063-E946BFBD9CDB}.Debug|Any CPU.Build.0 = Debug|Any CPU
		{A510AA70-5942-4F01-B063-E946BFBD9CDB}.Release|Any CPU.ActiveCfg = Release|Any CPU
		{A510AA70-5942-4F01-B063-E946BFBD9CDB}.Release|Any CPU.Build.0 = Release|Any CPU
		{F50D43BD-7BD2-4AD3-9288-59507780E506}.Debug|Any CPU.ActiveCfg = Debug|Any CPU
		{F50D43BD-7BD2-4AD3-9288-59507780E506}.Debug|Any CPU.Build.0 = Debug|Any CPU
		{F50D43BD-7BD2-4AD3-9288-59507780E506}.Release|Any CPU.ActiveCfg = Release|Any CPU
		{F50D43BD-7BD2-4AD3-9288-59507780E506}.Release|Any CPU.Build.0 = Release|Any CPU
		{61909A52-70A3-4C93-AC2D-A28259F4B5A9}.Debug|Any CPU.ActiveCfg = Debug|Any CPU
		{61909A52-70A3-4C93-AC2D-A28259F4B5A9}.Debug|Any CPU.Build.0 = Debug|Any CPU
		{61909A52-70A3-4C93-AC2D-A28259F4B5A9}.Release|Any CPU.ActiveCfg = Release|Any CPU
		{61909A52-70A3-4C93-AC2D-A28259F4B5A9}.Release|Any CPU.Build.0 = Release|Any CPU
		{242AE2E2-4FEF-4EBE-81C5-6C97680CEE24}.Debug|Any CPU.ActiveCfg = Debug|Any CPU
		{242AE2E2-4FEF-4EBE-81C5-6C97680CEE24}.Debug|Any CPU.Build.0 = Debug|Any CPU
		{242AE2E2-4FEF-4EBE-81C5-6C97680CEE24}.Release|Any CPU.ActiveCfg = Release|Any CPU
		{242AE2E2-4FEF-4EBE-81C5-6C97680CEE24}.Release|Any CPU.Build.0 = Release|Any CPU
		{BCC1FB6C-8A57-42F8-8B89-71C4E1D61348}.Debug|Any CPU.ActiveCfg = Debug|Any CPU
		{BCC1FB6C-8A57-42F8-8B89-71C4E1D61348}.Debug|Any CPU.Build.0 = Debug|Any CPU
		{BCC1FB6C-8A57-42F8-8B89-71C4E1D61348}.Release|Any CPU.ActiveCfg = Release|Any CPU
		{BCC1FB6C-8A57-42F8-8B89-71C4E1D61348}.Release|Any CPU.Build.0 = Release|Any CPU
		{A75DE50F-427A-4E3F-807B-449F1F4572DF}.Debug|Any CPU.ActiveCfg = Debug|Any CPU
		{A75DE50F-427A-4E3F-807B-449F1F4572DF}.Debug|Any CPU.Build.0 = Debug|Any CPU
		{A75DE50F-427A-4E3F-807B-449F1F4572DF}.Release|Any CPU.ActiveCfg = Release|Any CPU
		{A75DE50F-427A-4E3F-807B-449F1F4572DF}.Release|Any CPU.Build.0 = Release|Any CPU
		{1F732C7A-F974-4A7C-87E1-6986372E5BFF}.Debug|Any CPU.ActiveCfg = Debug|Any CPU
		{1F732C7A-F974-4A7C-87E1-6986372E5BFF}.Debug|Any CPU.Build.0 = Debug|Any CPU
		{1F732C7A-F974-4A7C-87E1-6986372E5BFF}.Release|Any CPU.ActiveCfg = Release|Any CPU
		{1F732C7A-F974-4A7C-87E1-6986372E5BFF}.Release|Any CPU.Build.0 = Release|Any CPU
		{BBD29FE2-588B-484B-95E4-E4E5A9FD2369}.Debug|Any CPU.ActiveCfg = Debug|Any CPU
		{BBD29FE2-588B-484B-95E4-E4E5A9FD2369}.Debug|Any CPU.Build.0 = Debug|Any CPU
		{BBD29FE2-588B-484B-95E4-E4E5A9FD2369}.Release|Any CPU.ActiveCfg = Release|Any CPU
		{BBD29FE2-588B-484B-95E4-E4E5A9FD2369}.Release|Any CPU.Build.0 = Release|Any CPU
	EndGlobalSection
	GlobalSection(SolutionProperties) = preSolution
		HideSolutionNode = FALSE
	EndGlobalSection
EndGlobal
